{
    "_meta": {
        "hash": {
            "sha256": "4502c084e7b7af51cdaffe95d045815205f5be103b17d49f85aa43adcfe6e6ff"
        },
        "pipfile-spec": 6,
        "requires": {
            "python_version": "3.7"
        },
        "sources": [
            {
                "name": "pypi",
                "url": "https://pypi.python.org/simple",
                "verify_ssl": true
            }
        ]
    },
    "default": {
        "asgiref": {
            "hashes": [
                "sha256:7e51911ee147dd685c3c8b805c0ad0cb58d360987b56953878f8c06d2d1c6f1a",
                "sha256:9fc6fb5d39b8af147ba40765234fa822b39818b12cc80b35ad9b0cef3a476aed"
            ],
            "markers": "python_version >= '3.5'",
            "version": "==3.2.10"
        },
        "boto3": {
            "hashes": [
                "sha256:2ab73b0c400ab8c7df84bee7564ef8a0813021da28dd7a05fcbffb77a8ae9de9",
                "sha256:bb2222fa02fcd09b39e581e532d4f013ea850742d8cd46e9c10a21028b6d2ef5"
            ],
            "index": "pypi",
            "version": "==1.14.56"
        },
        "botocore": {
            "hashes": [
                "sha256:40f13f6c9c29c307a9dc5982739e537ddce55b29787b90c3447b507e3283bcd6",
                "sha256:aa88eafc6295132f4bc606f1df32b3248e0fa611724c0a216aceda767948ac75"
            ],
            "version": "==1.17.63"
        },
        "certifi": {
            "hashes": [
                "sha256:35824b4c3a97115964b408844d64aa14db1cc518f6562e8d7261699d1350a9e3",
                "sha256:4ad3232f5e926d6718ec31cfc1fcadfde020920e278684144551c91769c7bc18"
            ],
            "index": "pypi",
            "version": "==2022.12.7"
        },
        "charset-normalizer": {
            "hashes": [
                "sha256:5a3d016c7c547f69d6f81fb0db9449ce888b418b5b9952cc5e6e66843e9dd845",
                "sha256:83e9a75d1911279afd89352c68b45348559d1fc0506b054b346651b5e7fee29f"
            ],
            "markers": "python_version >= '3.6'",
            "version": "==2.1.1"
        },
        "dj-database-url": {
            "hashes": [
                "sha256:4aeaeb1f573c74835b0686a2b46b85990571159ffc21aa57ecd4d1e1cb334163",
                "sha256:851785365761ebe4994a921b433062309eb882fedd318e1b0fcecc607ed02da9"
            ],
            "version": "==0.5.0"
        },
        "django": {
            "hashes": [
                "sha256:59c8125ca873ed3bdae9c12b146fbbd6ed8d0f743e4cf5f5817af50c51f1fc2f",
                "sha256:b5fbb818e751f660fa2d576d9f40c34a4c615c8b48dd383f5216e609f383371f"
            ],
            "index": "pypi",
            "version": "==3.1.1"
        },
        "django-heroku": {
            "hashes": [
                "sha256:2bc690aab89eedbe01311752320a9a12e7548e3b0ed102681acc5736a41a4762",
                "sha256:6af4bc3ae4a9b55eaad6dbe5164918982d2762661aebc9f83d9fa49f6009514e"
            ],
            "index": "pypi",
            "version": "==0.3.1"
        },
        "django-image-optimizer": {
            "hashes": [
                "sha256:8b35508bac7194e17d146237282551c0da3df5cf34edfbdd2f63c404cdf299a8"
            ],
            "index": "pypi",
            "version": "==1.0.1"
        },
        "django-sendgrid-v5": {
            "hashes": [
                "sha256:5dcfe0606784ea9bbfc1a52a582a2dc42802e1f0913d55d9296a35ea0af6a31c",
                "sha256:6726aae2005c87e8646e4d2f5fee0f1d6e439fd8501eb095ea912063ff0e4f96"
            ],
            "index": "pypi",
            "version": "==0.9.0"
        },
        "django-storages": {
            "hashes": [
                "sha256:1e37da57678e6cf1e9914f84099a305323e4e1f261afe54fdb703cae7aa6fbc3",
                "sha256:36ed8dab33d761954498189592ce005920095fcbc02dab4184eb51393c370991"
            ],
            "index": "pypi",
            "version": "==1.10"
        },
        "docutils": {
            "hashes": [
                "sha256:6c4f696463b79f1fb8ba0c594b63840ebd41f059e92b31957c46b74a4599b6d0",
                "sha256:9e4d7ecfc600058e07ba661411a2b7de2fd0fafa17d1a7f7361cd47b1175c827",
                "sha256:a2aeea129088da402665e92e0b25b04b073c04b2dce4ab65caaa38b7ce2e1a99"
            ],
            "markers": "python_version >= '2.6' and python_version not in '3.0, 3.1, 3.2, 3.3'",
            "version": "==0.15.2"
        },
        "future": {
            "hashes": [
                "sha256:b1bead90b70cf6ec3f0710ae53a525360fa360d306a86583adc6bf83a4db537d"
            ],
            "markers": "python_version >= '2.6' and python_version not in '3.0, 3.1, 3.2, 3.3'",
            "version": "==0.18.2"
        },
        "gunicorn": {
            "hashes": [
                "sha256:aa8e0b40b4157b36a5df5e599f45c9c76d6af43845ba3b3b0efe2c70473c2471",
                "sha256:fa2662097c66f920f53f70621c6c58ca4a3c4d3434205e608e121b5b3b71f4f3"
            ],
            "index": "pypi",
            "version": "==19.9.0"
        },
        "idna": {
            "hashes": [
                "sha256:814f528e8dead7d329833b91c5faa87d60bf71824cd12a7530b5526063d02cb4",
                "sha256:90b77e79eaa3eba6de819a0c442c0b4ceefc341a7a2ab77d7562bf49f425c5c2"
            ],
            "markers": "python_version >= '3.5'",
            "version": "==3.4"
        },
        "jmespath": {
            "hashes": [
                "sha256:b85d0567b8666149a93172712e68920734333c0ce7e89b78b3e987f71e5ed4f9",
                "sha256:cdf6525904cc597730141d61b36f2e4b8ecc257c420fa2f4549bac2c2d0cb72f"
            ],
            "markers": "python_version >= '2.6' and python_version not in '3.0, 3.1, 3.2, 3.3'",
            "version": "==0.10.0"
        },
        "pillow": {
            "hashes": [
                "sha256:0295442429645fa16d05bd567ef5cff178482439c9aad0411d3f0ce9b88b3a6f",
                "sha256:06aba4169e78c439d528fdeb34762c3b61a70813527a2c57f0540541e9f433a8",
                "sha256:09d7f9e64289cb40c2c8d7ad674b2ed6105f55dc3b09aa8e4918e20a0311e7ad",
                "sha256:0a80dd307a5d8440b0a08bd7b81617e04d870e40a3e46a32d9c246e54705e86f",
                "sha256:1ca594126d3c4def54babee699c055a913efb01e106c309fa6b04405d474d5ae",
                "sha256:25930fadde8019f374400f7986e8404c8b781ce519da27792cbe46eabec00c4d",
                "sha256:431b15cffbf949e89df2f7b48528be18b78bfa5177cb3036284a5508159492b5",
                "sha256:52125833b070791fcb5710fabc640fc1df07d087fc0c0f02d3661f76c23c5b8b",
                "sha256:5e51ee2b8114def244384eda1c82b10e307ad9778dac5c83fb0943775a653cd8",
                "sha256:612cfda94e9c8346f239bf1a4b082fdd5c8143cf82d685ba2dba76e7adeeb233",
                "sha256:6d7741e65835716ceea0fd13a7d0192961212fd59e741a46bbed7a473c634ed6",
                "sha256:6edb5446f44d901e8683ffb25ebdfc26988ee813da3bf91e12252b57ac163727",
                "sha256:725aa6cfc66ce2857d585f06e9519a1cc0ef6d13f186ff3447ab6dff0a09bc7f",
                "sha256:8dad18b69f710bf3a001d2bf3afab7c432785d94fcf819c16b5207b1cfd17d38",
                "sha256:94cf49723928eb6070a892cb39d6c156f7b5a2db4e8971cb958f7b6b104fb4c4",
                "sha256:97f9e7953a77d5a70f49b9a48da7776dc51e9b738151b22dacf101641594a626",
                "sha256:9ad7f865eebde135d526bb3163d0b23ffff365cf87e767c649550964ad72785d",
                "sha256:9c87ef410a58dd54b92424ffd7e28fd2ec65d2f7fc02b76f5e9b2067e355ebf6",
                "sha256:a060cf8aa332052df2158e5a119303965be92c3da6f2d93b6878f0ebca80b2f6",
                "sha256:c79f9c5fb846285f943aafeafda3358992d64f0ef58566e23484132ecd8d7d63",
                "sha256:c92302a33138409e8f1ad16731568c55c9053eee71bb05b6b744067e1b62380f",
                "sha256:d08b23fdb388c0715990cbc06866db554e1822c4bdcf6d4166cf30ac82df8c41",
                "sha256:d350f0f2c2421e65fbc62690f26b59b0bcda1b614beb318c81e38647e0f673a1",
                "sha256:e901964262a56d9ea3c2693df68bc9860b8bdda2b04768821e4c44ae797de117",
                "sha256:ec29604081f10f16a7aea809ad42e27764188fc258b02259a03a8ff7ded3808d",
                "sha256:edf31f1150778abd4322444c393ab9c7bd2af271dd4dafb4208fb613b1f3cdc9",
                "sha256:f7e30c27477dffc3e85c2463b3e649f751789e0f6c8456099eea7ddd53be4a8a",
                "sha256:ffe538682dc19cc542ae7c3e504fdf54ca7f86fb8a135e59dd6bc8627eae6cce"
            ],
            "index": "pypi",
            "version": "==7.2.0"
        },
        "psycopg2": {
            "hashes": [
                "sha256:093e3894d2d3c592ab0945d9eba9d139c139664dcf83a1c440b8a7aa9bb21955",
                "sha256:190d51e8c1b25a47484e52a79638a8182451d6f6dff99f26ad9bd81e5359a0fa",
                "sha256:1a5c7d7d577e0eabfcf15eb87d1e19314c8c4f0e722a301f98e0e3a65e238b4e",
                "sha256:1e5a38aa85bd660c53947bd28aeaafb6a97d70423606f1ccb044a03a1203fe4a",
                "sha256:322fd5fca0b1113677089d4ebd5222c964b1760e361f151cbb2706c4912112c5",
                "sha256:4cb9936316d88bfab614666eb9e32995e794ed0f8f6b3b718666c22819c1d7ee",
                "sha256:920bf418000dd17669d2904472efeab2b20546efd0548139618f8fa305d1d7ad",
                "sha256:922cc5f0b98a5f2b1ff481f5551b95cd04580fd6f0c72d9b22e6c0145a4840e0",
                "sha256:a5246d2e683a972e2187a8714b5c2cf8156c064629f9a9b1a873c1730d9e245a",
                "sha256:b9ac1b0d8ecc49e05e4e182694f418d27f3aedcfca854ebd6c05bb1cffa10d6d",
                "sha256:d3ef67e630b0de0779c42912fe2cbae3805ebaba30cda27fea2a3de650a9414f",
                "sha256:f5b6320dbc3cf6cfb9f25308286f9f7ab464e65cfb105b64cc9c52831748ced2",
                "sha256:fc04dd5189b90d825509caa510f20d1d504761e78b8dfb95a0ede180f71d50e5"
            ],
            "markers": "python_version >= '3.6'",
            "version": "==2.9.5"
        },
        "python-dateutil": {
            "hashes": [
                "sha256:0123cacc1627ae19ddf3c27a5de5bd67ee4586fbdd6440d9748f8abb483d3e86",
                "sha256:961d03dc3453ebbc59dbdea9e4e11c5651520a876d0f4db161e8674aae935da9"
            ],
            "markers": "python_version >= '2.7' and python_version not in '3.0, 3.1, 3.2, 3.3'",
            "version": "==2.8.2"
        },
        "python-decouple": {
            "hashes": [
                "sha256:55c546b85b0c47a15a47a4312d451a437f7344a9be3e001660bccd93b637de95"
            ],
            "index": "pypi",
            "version": "==3.3"
        },
        "python-http-client": {
            "hashes": [
                "sha256:ad371d2bbedc6ea15c26179c6222a78bc9308d272435ddf1d5c84f068f249a36",
                "sha256:bf841ee45262747e00dec7ee9971dfb8c7d83083f5713596488d67739170cea0"
            ],
            "markers": "python_version >= '2.7' and python_version not in '3.0, 3.1, 3.2, 3.3'",
            "version": "==3.3.7"
        },
        "python-resize-image": {
            "hashes": [
                "sha256:0977bcf8454949b2d37e56c66d95494146c4d9da295a8f7af8eff43d2c35ca6a",
                "sha256:b055dab919d623ece8ec95262d4bdbf006cb1a10e818e9b36221c8b1885f9922"
            ],
            "version": "==1.1.20"
        },
        "pytz": {
            "hashes": [
                "sha256:222439474e9c98fced559f1709d89e6c9cbf8d79c794ff3eb9f8800064291427",
                "sha256:e89512406b793ca39f5971bc999cc538ce125c0e51c27941bef4568b460095e2"
            ],
            "version": "==2022.6"
        },
        "requests": {
            "hashes": [
                "sha256:7c5599b102feddaa661c826c56ab4fee28bfd17f5abca1ebbe3e7f19d7c97983",
                "sha256:8fefa2a1a1365bf5520aac41836fbee479da67864514bdb821f31ce07ce65349"
            ],
            "markers": "python_version >= '3.7' and python_version < '4'",
            "version": "==2.28.1"
        },
        "s3transfer": {
            "hashes": [
                "sha256:35627b86af8ff97e7ac27975fe0a98a312814b46c6333d8a6b889627bcd80994",
                "sha256:efa5bd92a897b6a8d5c1383828dca3d52d0790e0756d49740563a3fb6ed03246"
            ],
            "version": "==0.3.7"
        },
        "sendgrid": {
            "hashes": [
                "sha256:ba8d3d39e1f392b9434365d53983b2fc6a458ae0496d2d9e103c15e1743ab66b",
                "sha256:fa30411c627690fecd0ef6b1d4e1783f2d0272aa14b5fffb133ebd1e31114f16"
            ],
            "markers": "python_version >= '2.7' and python_version not in '3.0, 3.1, 3.2, 3.3, 3.4'",
            "version": "==6.9.7"
        },
        "six": {
            "hashes": [
                "sha256:1e61c37477a1626458e36f7b1d82aa5c9b094fa4802892072e49de9c60c4c926",
                "sha256:8abb2f1d86890a2dfb989f9a77cfcfd3e47c2a354b01111771326f8aa26e0254"
            ],
            "markers": "python_version >= '2.7' and python_version not in '3.0, 3.1, 3.2, 3.3'",
            "version": "==1.16.0"
        },
        "sqlparse": {
            "hashes": [
                "sha256:0323c0ec29cd52bceabc1b4d9d579e311f3e4961b98d174201d5622a23b85e34",
                "sha256:69ca804846bb114d2ec380e4360a8a340db83f0ccf3afceeb1404df028f57268"
            ],
            "markers": "python_version >= '3.5'",
            "version": "==0.4.3"
        },
        "starkbank-ecdsa": {
            "hashes": [
                "sha256:9399c3371b899d4a235b68a1ed7919d202fbf024bd2c863ae8ebdad343c2a63a"
            ],
            "version": "==2.2.0"
        },
        "tinify": {
            "hashes": [
                "sha256:67ac46f5e6c3b0978ee5f85bc4b499951c217d54a429f6d9e42b8956f4e336f5",
                "sha256:7c985953796dcaeb7e50ea6073ee6688dd4a5789d97f268b6d30ef8e42858491"
            ],
            "version": "==1.6.0"
        },
        "urllib3": {
            "hashes": [
                "sha256:8d7eaa5a82a1cac232164990f04874c594c9453ec55eef02eab885aa02fc17a2",
                "sha256:f5321fbe4bf3fefa0efd0bfe7fb14e90909eb62a48ccda331726b4319897dd5e"
            ],
            "markers": "python_version != '3.4'",
            "version": "==1.25.11"
        },
        "whitenoise": {
            "hashes": [
                "sha256:05ce0be39ad85740a78750c86a93485c40f08ad8c62a6006de0233765996e5c7",
                "sha256:05d00198c777028d72d8b0bbd234db605ef6d60e9410125124002518a48e515d"
            ],
            "index": "pypi",
            "version": "==5.2.0"
        }
    },
    "develop": {}
}
